# THIS IS AN AUTOGENERATED FILE. DO NOT EDIT THIS FILE DIRECTLY.
# yarn lockfile v1


ytoolsjs@^1.0.3:
  version "1.0.3"
  resolved "https://registry.yarnpkg.com/ytoolsjs/-/ytoolsjs-1.0.3.tgz#996da85afe22054d98afd0b0c2ea65f2bc44b827"
  integrity sha512-n5wvWFKdPDgkfrm2/M9Oi00eJNOxcf0l7Q5qAefhI5R+EjJmFFS16gydIxquG8atteG1LMhxNjfGUJD2A9qJfQ==
